# This file is automatically @generated by Cargo.
# It is not intended for manual editing.
version = 3

[[package]]
name = "anyhow"
version = "1.0.86"
source = "registry+https://github.com/rust-lang/crates.io-index"
checksum = "b3d1d046238990b9cf5bcde22a3fb3584ee5cf65fb2765f454ed428c7a0063da"

[[package]]
name = "maplit"
version = "1.0.2"
source = "registry+https://github.com/rust-lang/crates.io-index"
checksum = "3e2e65a1a2e43cfcb47a895c4c8b10d1f4a61097f9f254f183aee60cad9c651d"

[[package]]
name = "pico-args"
version = "0.5.0"
source = "registry+https://github.com/rust-lang/crates.io-index"
checksum = "5be167a7af36ee22fe3115051bc51f6e6c7054c9348e28deb4f49bd6f705a315"

[[package]]
name = "shitty_cli"
version = "0.1.0"
dependencies = [
 "anyhow",
 "pico-args",
 "shitty_parser",
 "shitty_runtime",
 "shitty_types",
]

[[package]]
name = "shitty_parser"
version = "0.1.0"
dependencies = [
 "maplit",
 "shitty_types",
]

[[package]]
name = "shitty_runtime"
version = "0.1.0"
dependencies = [
 "maplit",
 "shitty_types",
]

[[package]]
name = "shitty_types"
version = "0.1.0"
